
Microsoft Visual Studio Solution File, Format Version 12.00
# Visual Studio Version 17
VisualStudioVersion = 17.0.31903.59
MinimumVisualStudioVersion = 10.0.40219.1
Project("{9A19103F-16F7-4668-BE54-9A1E7A4F7556}") = "Tyuiu.ShaldinDA.Sprint3.Task0.V6.Lib", "Tyuiu.ShaldinDA.Sprint3.Task0.V6.Lib\Tyuiu.ShaldinDA.Sprint3.Task0.V6.Lib.csproj", "{55D75025-FA7D-4470-B112-85FCCE461921}"
EndProject
Project("{9A19103F-16F7-4668-BE54-9A1E7A4F7556}") = "Tyuiu.ShaldinDA.Sprint3.Task0.V6", "Tyuiu.ShaldinDA.Sprint3.Task0.V6\Tyuiu.ShaldinDA.Sprint3.Task0.V6.csproj", "{511636C6-EF0D-484F-B4B5-8B0FBDE9F564}"
EndProject
Project("{9A19103F-16F7-4668-BE54-9A1E7A4F7556}") = "Tyuiu.ShaldinDA.Sprint3.Task0.V6.Test", "Tyuiu.ShaldinDA.Sprint3.Task0.V6.Test\Tyuiu.ShaldinDA.Sprint3.Task0.V6.Test.csproj", "{FBEED461-5387-4EFA-B607-C95CB7AE2A7B}"
EndProject
Project("{2150E333-8FDC-42A3-9474-1A3956D46DE8}") = "Task0", "Task0", "{005B0E8A-C525-4A14-B9A6-2E877F8D730F}"
EndProject
Project("{9A19103F-16F7-4668-BE54-9A1E7A4F7556}") = "Tyuiu.ShaldinDA.Sprint3.Task1.V13.Lib", "Tyuiu.ShaldinDA.Sprint3.Task1.V13.Lib\Tyuiu.ShaldinDA.Sprint3.Task1.V13.Lib.csproj", "{96DBA84F-60F7-4DAC-8757-BB804302CF32}"
EndProject
Project("{9A19103F-16F7-4668-BE54-9A1E7A4F7556}") = "Tyuiu.ShaldinDA.Sprint3.Task1.V13", "Tyuiu.ShaldinDA.Sprint3.Task1.V13\Tyuiu.ShaldinDA.Sprint3.Task1.V13.csproj", "{4CD808E7-09B7-4EC5-B6B1-82E7A5F79618}"
EndProject
Project("{9A19103F-16F7-4668-BE54-9A1E7A4F7556}") = "Tyuiu.ShaldinDA.Sprint3.Task1.V13.Test", "Tyuiu.ShaldinDA.Sprint3.Task1.V13.Test\Tyuiu.ShaldinDA.Sprint3.Task1.V13.Test.csproj", "{7B296992-1C5D-4CE6-9163-0441EE47B5B4}"
EndProject
Project("{2150E333-8FDC-42A3-9474-1A3956D46DE8}") = "Task1", "Task1", "{89BA3BA6-B2E6-4BF0-AE14-5491C915D1E2}"
EndProject
Project("{9A19103F-16F7-4668-BE54-9A1E7A4F7556}") = "Tyuiu.ShaldinDA.Sprint3.Task2.V28.Lib", "Tyuiu.ShaldinDA.Sprint3.Task2.V28.Lib\Tyuiu.ShaldinDA.Sprint3.Task2.V28.Lib.csproj", "{C45C40BA-0D05-41B1-A149-0ED42CAF053C}"
EndProject
Project("{9A19103F-16F7-4668-BE54-9A1E7A4F7556}") = "Tyuiu.ShaldinDA.Sprint3.Task2.V28", "Tyuiu.ShaldinDA.Sprint3.Task2.V28\Tyuiu.ShaldinDA.Sprint3.Task2.V28.csproj", "{9D9C30C8-CFE8-433E-A4F3-680C9570CA2F}"
EndProject
Project("{9A19103F-16F7-4668-BE54-9A1E7A4F7556}") = "Tyuiu.ShaldinDA.Sprint3.Task2.V28.Test", "Tyuiu.ShaldinDA.Sprint3.Task2.V28.Test\Tyuiu.ShaldinDA.Sprint3.Task2.V28.Test.csproj", "{D9021541-0D00-4082-A938-8F0E9C5AB3DC}"
EndProject
Project("{2150E333-8FDC-42A3-9474-1A3956D46DE8}") = "Task2", "Task2", "{4B802305-4432-4E96-930E-AB7F0B24C676}"
EndProject
Project("{9A19103F-16F7-4668-BE54-9A1E7A4F7556}") = "Tyuiu.ShaldinDA.Sprint3.Task3.V1.Lib", "Tyuiu.ShaldinDA.Sprint3.Task3.V1.Lib\Tyuiu.ShaldinDA.Sprint3.Task3.V1.Lib.csproj", "{4CBF01DE-FADF-4C9D-A04E-8EE0DB32543D}"
EndProject
Project("{9A19103F-16F7-4668-BE54-9A1E7A4F7556}") = "Tyuiu.ShaldinDA.Sprint3.Task3.V1", "Tyuiu.ShaldinDA.Sprint3.Task3.V1\Tyuiu.ShaldinDA.Sprint3.Task3.V1.csproj", "{5CE832E0-C973-40FF-8253-02C6CA90BE3F}"
EndProject
Project("{9A19103F-16F7-4668-BE54-9A1E7A4F7556}") = "Tyuiu.ShaldinDA.Sprint3.Task3.V1.Test", "Tyuiu.ShaldinDA.Sprint3.Task3.V1.Test\Tyuiu.ShaldinDA.Sprint3.Task3.V1.Test.csproj", "{8D88F76B-163B-4CC1-8404-81B981E9B23E}"
EndProject
Project("{2150E333-8FDC-42A3-9474-1A3956D46DE8}") = "Task3", "Task3", "{128D5797-5A1C-4911-9E2C-8EE1524787D2}"
EndProject
Project("{9A19103F-16F7-4668-BE54-9A1E7A4F7556}") = "Tyuiu.ShaldinDA.Sprint3.Task4.V7.Lib", "Tyuiu.ShaldinDA.Sprint3.Task4.V7.Lib\Tyuiu.ShaldinDA.Sprint3.Task4.V7.Lib.csproj", "{5E1FF70C-F74B-4797-851B-5007AFA5B650}"
EndProject
Project("{9A19103F-16F7-4668-BE54-9A1E7A4F7556}") = "Tyuiu.ShaldinDA.Sprint3.Task4.V7", "Tyuiu.ShaldinDA.Sprint3.Task4.V7\Tyuiu.ShaldinDA.Sprint3.Task4.V7.csproj", "{2DEA7FED-A4A6-4E6A-97F4-9EE0200FBCC6}"
EndProject
Project("{9A19103F-16F7-4668-BE54-9A1E7A4F7556}") = "Tyuiu.ShaldinDA.Sprint3.Task4.V7.Test", "Tyuiu.ShaldinDA.Sprint3.Task4.V7.Test\Tyuiu.ShaldinDA.Sprint3.Task4.V7.Test.csproj", "{B3079FF7-B3A9-4DE4-87EB-BA4A6DFA66F7}"
EndProject
Project("{2150E333-8FDC-42A3-9474-1A3956D46DE8}") = "Task4", "Task4", "{12D4B20F-3272-43CF-AD5E-052AFE5C34F2}"
EndProject
Global
	GlobalSection(SolutionConfigurationPlatforms) = preSolution
		Debug|Any CPU = Debug|Any CPU
		Release|Any CPU = Release|Any CPU
	EndGlobalSection
	GlobalSection(ProjectConfigurationPlatforms) = postSolution
		{55D75025-FA7D-4470-B112-85FCCE461921}.Debug|Any CPU.ActiveCfg = Debug|Any CPU
		{55D75025-FA7D-4470-B112-85FCCE461921}.Debug|Any CPU.Build.0 = Debug|Any CPU
		{55D75025-FA7D-4470-B112-85FCCE461921}.Release|Any CPU.ActiveCfg = Release|Any CPU
		{55D75025-FA7D-4470-B112-85FCCE461921}.Release|Any CPU.Build.0 = Release|Any CPU
		{511636C6-EF0D-484F-B4B5-8B0FBDE9F564}.Debug|Any CPU.ActiveCfg = Debug|Any CPU
		{511636C6-EF0D-484F-B4B5-8B0FBDE9F564}.Debug|Any CPU.Build.0 = Debug|Any CPU
		{511636C6-EF0D-484F-B4B5-8B0FBDE9F564}.Release|Any CPU.ActiveCfg = Release|Any CPU
		{511636C6-EF0D-484F-B4B5-8B0FBDE9F564}.Release|Any CPU.Build.0 = Release|Any CPU
		{FBEED461-5387-4EFA-B607-C95CB7AE2A7B}.Debug|Any CPU.ActiveCfg = Debug|Any CPU
		{FBEED461-5387-4EFA-B607-C95CB7AE2A7B}.Debug|Any CPU.Build.0 = Debug|Any CPU
		{FBEED461-5387-4EFA-B607-C95CB7AE2A7B}.Release|Any CPU.ActiveCfg = Release|Any CPU
		{FBEED461-5387-4EFA-B607-C95CB7AE2A7B}.Release|Any CPU.Build.0 = Release|Any CPU
		{96DBA84F-60F7-4DAC-8757-BB804302CF32}.Debug|Any CPU.ActiveCfg = Debug|Any CPU
		{96DBA84F-60F7-4DAC-8757-BB804302CF32}.Debug|Any CPU.Build.0 = Debug|Any CPU
		{96DBA84F-60F7-4DAC-8757-BB804302CF32}.Release|Any CPU.ActiveCfg = Release|Any CPU
		{96DBA84F-60F7-4DAC-8757-BB804302CF32}.Release|Any CPU.Build.0 = Release|Any CPU
		{4CD808E7-09B7-4EC5-B6B1-82E7A5F79618}.Debug|Any CPU.ActiveCfg = Debug|Any CPU
		{4CD808E7-09B7-4EC5-B6B1-82E7A5F79618}.Debug|Any CPU.Build.0 = Debug|Any CPU
		{4CD808E7-09B7-4EC5-B6B1-82E7A5F79618}.Release|Any CPU.ActiveCfg = Release|Any CPU
		{4CD808E7-09B7-4EC5-B6B1-82E7A5F79618}.Release|Any CPU.Build.0 = Release|Any CPU
		{7B296992-1C5D-4CE6-9163-0441EE47B5B4}.Debug|Any CPU.ActiveCfg = Debug|Any CPU
		{7B296992-1C5D-4CE6-9163-0441EE47B5B4}.Debug|Any CPU.Build.0 = Debug|Any CPU
		{7B296992-1C5D-4CE6-9163-0441EE47B5B4}.Release|Any CPU.ActiveCfg = Release|Any CPU
		{7B296992-1C5D-4CE6-9163-0441EE47B5B4}.Release|Any CPU.Build.0 = Release|Any CPU
		{C45C40BA-0D05-41B1-A149-0ED42CAF053C}.Debug|Any CPU.ActiveCfg = Debug|Any CPU
		{C45C40BA-0D05-41B1-A149-0ED42CAF053C}.Debug|Any CPU.Build.0 = Debug|Any CPU
		{C45C40BA-0D05-41B1-A149-0ED42CAF053C}.Release|Any CPU.ActiveCfg = Release|Any CPU
		{C45C40BA-0D05-41B1-A149-0ED42CAF053C}.Release|Any CPU.Build.0 = Release|Any CPU
		{9D9C30C8-CFE8-433E-A4F3-680C9570CA2F}.Debug|Any CPU.ActiveCfg = Debug|Any CPU
		{9D9C30C8-CFE8-433E-A4F3-680C9570CA2F}.Debug|Any CPU.Build.0 = Debug|Any CPU
		{9D9C30C8-CFE8-433E-A4F3-680C9570CA2F}.Release|Any CPU.ActiveCfg = Release|Any CPU
		{9D9C30C8-CFE8-433E-A4F3-680C9570CA2F}.Release|Any CPU.Build.0 = Release|Any CPU
		{D9021541-0D00-4082-A938-8F0E9C5AB3DC}.Debug|Any CPU.ActiveCfg = Debug|Any CPU
		{D9021541-0D00-4082-A938-8F0E9C5AB3DC}.Debug|Any CPU.Build.0 = Debug|Any CPU
		{D9021541-0D00-4082-A938-8F0E9C5AB3DC}.Release|Any CPU.ActiveCfg = Release|Any CPU
		{D9021541-0D00-4082-A938-8F0E9C5AB3DC}.Release|Any CPU.Build.0 = Release|Any CPU
		{4CBF01DE-FADF-4C9D-A04E-8EE0DB32543D}.Debug|Any CPU.ActiveCfg = Debug|Any CPU
		{4CBF01DE-FADF-4C9D-A04E-8EE0DB32543D}.Debug|Any CPU.Build.0 = Debug|Any CPU
		{4CBF01DE-FADF-4C9D-A04E-8EE0DB32543D}.Release|Any CPU.ActiveCfg = Release|Any CPU
		{4CBF01DE-FADF-4C9D-A04E-8EE0DB32543D}.Release|Any CPU.Build.0 = Release|Any CPU
		{5CE832E0-C973-40FF-8253-02C6CA90BE3F}.Debug|Any CPU.ActiveCfg = Debug|Any CPU
		{5CE832E0-C973-40FF-8253-02C6CA90BE3F}.Debug|Any CPU.Build.0 = Debug|Any CPU
		{5CE832E0-C973-40FF-8253-02C6CA90BE3F}.Release|Any CPU.ActiveCfg = Release|Any CPU
		{5CE832E0-C973-40FF-8253-02C6CA90BE3F}.Release|Any CPU.Build.0 = Release|Any CPU
		{8D88F76B-163B-4CC1-8404-81B981E9B23E}.Debug|Any CPU.ActiveCfg = Debug|Any CPU
		{8D88F76B-163B-4CC1-8404-81B981E9B23E}.Debug|Any CPU.Build.0 = Debug|Any CPU
		{8D88F76B-163B-4CC1-8404-81B981E9B23E}.Release|Any CPU.ActiveCfg = Release|Any CPU
		{8D88F76B-163B-4CC1-8404-81B981E9B23E}.Release|Any CPU.Build.0 = Release|Any CPU
		{5E1FF70C-F74B-4797-851B-5007AFA5B650}.Debug|Any CPU.ActiveCfg = Debug|Any CPU
		{5E1FF70C-F74B-4797-851B-5007AFA5B650}.Debug|Any CPU.Build.0 = Debug|Any CPU
		{5E1FF70C-F74B-4797-851B-5007AFA5B650}.Release|Any CPU.ActiveCfg = Release|Any CPU
		{5E1FF70C-F74B-4797-851B-5007AFA5B650}.Release|Any CPU.Build.0 = Release|Any CPU
		{2DEA7FED-A4A6-4E6A-97F4-9EE0200FBCC6}.Debug|Any CPU.ActiveCfg = Debug|Any CPU
		{2DEA7FED-A4A6-4E6A-97F4-9EE0200FBCC6}.Debug|Any CPU.Build.0 = Debug|Any CPU
		{2DEA7FED-A4A6-4E6A-97F4-9EE0200FBCC6}.Release|Any CPU.ActiveCfg = Release|Any CPU
		{2DEA7FED-A4A6-4E6A-97F4-9EE0200FBCC6}.Release|Any CPU.Build.0 = Release|Any CPU
		{B3079FF7-B3A9-4DE4-87EB-BA4A6DFA66F7}.Debug|Any CPU.ActiveCfg = Debug|Any CPU
		{B3079FF7-B3A9-4DE4-87EB-BA4A6DFA66F7}.Debug|Any CPU.Build.0 = Debug|Any CPU
		{B3079FF7-B3A9-4DE4-87EB-BA4A6DFA66F7}.Release|Any CPU.ActiveCfg = Release|Any CPU
		{B3079FF7-B3A9-4DE4-87EB-BA4A6DFA66F7}.Release|Any CPU.Build.0 = Release|Any CPU
	EndGlobalSection
	GlobalSection(SolutionProperties) = preSolution
		HideSolutionNode = FALSE
	EndGlobalSection
	GlobalSection(NestedProjects) = preSolution
		{55D75025-FA7D-4470-B112-85FCCE461921} = {005B0E8A-C525-4A14-B9A6-2E877F8D730F}
		{511636C6-EF0D-484F-B4B5-8B0FBDE9F564} = {005B0E8A-C525-4A14-B9A6-2E877F8D730F}
		{FBEED461-5387-4EFA-B607-C95CB7AE2A7B} = {005B0E8A-C525-4A14-B9A6-2E877F8D730F}
		{96DBA84F-60F7-4DAC-8757-BB804302CF32} = {89BA3BA6-B2E6-4BF0-AE14-5491C915D1E2}
		{4CD808E7-09B7-4EC5-B6B1-82E7A5F79618} = {89BA3BA6-B2E6-4BF0-AE14-5491C915D1E2}
		{7B296992-1C5D-4CE6-9163-0441EE47B5B4} = {89BA3BA6-B2E6-4BF0-AE14-5491C915D1E2}
		{C45C40BA-0D05-41B1-A149-0ED42CAF053C} = {4B802305-4432-4E96-930E-AB7F0B24C676}
		{9D9C30C8-CFE8-433E-A4F3-680C9570CA2F} = {4B802305-4432-4E96-930E-AB7F0B24C676}
		{D9021541-0D00-4082-A938-8F0E9C5AB3DC} = {4B802305-4432-4E96-930E-AB7F0B24C676}
		{4CBF01DE-FADF-4C9D-A04E-8EE0DB32543D} = {128D5797-5A1C-4911-9E2C-8EE1524787D2}
		{5CE832E0-C973-40FF-8253-02C6CA90BE3F} = {128D5797-5A1C-4911-9E2C-8EE1524787D2}
		{8D88F76B-163B-4CC1-8404-81B981E9B23E} = {128D5797-5A1C-4911-9E2C-8EE1524787D2}
		{5E1FF70C-F74B-4797-851B-5007AFA5B650} = {12D4B20F-3272-43CF-AD5E-052AFE5C34F2}
		{2DEA7FED-A4A6-4E6A-97F4-9EE0200FBCC6} = {12D4B20F-3272-43CF-AD5E-052AFE5C34F2}
		{B3079FF7-B3A9-4DE4-87EB-BA4A6DFA66F7} = {12D4B20F-3272-43CF-AD5E-052AFE5C34F2}
	EndGlobalSection
	GlobalSection(ExtensibilityGlobals) = postSolution
		SolutionGuid = {AD40F4BC-4A6C-4707-9CC2-44528863C960}
	EndGlobalSection
EndGlobal
